
Microsoft Visual Studio Solution File, Format Version 12.00
# Visual Studio Version 17
VisualStudioVersion = 17.1.32328.378
MinimumVisualStudioVersion = 10.0.40219.1
Project("{FAE04EC0-301F-11D3-BF4B-00C04F79EFBC}") = "CollectionDemoProblem", "CollectionDemoProblem.csproj", "{D5A3FBDC-02AE-4E48-AC5D-6E5974FCE272}"
EndProject
Global
	GlobalSection(SolutionConfigurationPlatforms) = preSolution
		Debug|Any CPU = Debug|Any CPU
		Release|Any CPU = Release|Any CPU
	EndGlobalSection
	GlobalSection(ProjectConfigurationPlatforms) = postSolution
		{D5A3FBDC-02AE-4E48-AC5D-6E5974FCE272}.Debug|Any CPU.ActiveCfg = Debug|Any CPU
		{D5A3FBDC-02AE-4E48-AC5D-6E5974FCE272}.Debug|Any CPU.Build.0 = Debug|Any CPU
		{D5A3FBDC-02AE-4E48-AC5D-6E5974FCE272}.Release|Any CPU.ActiveCfg = Release|Any CPU
		{D5A3FBDC-02AE-4E48-AC5D-6E5974FCE272}.Release|Any CPU.Build.0 = Release|Any CPU
	EndGlobalSection
	GlobalSection(SolutionProperties) = preSolution
		HideSolutionNode = FALSE
	EndGlobalSection
	GlobalSection(ExtensibilityGlobals) = postSolution
		SolutionGuid = {11C28CAD-EA9A-450D-A404-92A582358BC7}
	EndGlobalSection
EndGlobal
